{
  "version": 1,
  "dependencies": {
    "net8.0": {
      "Avalonia.Desktop": {
        "type": "Direct",
        "requested": "[11.2.5, )",
        "resolved": "11.2.5",
        "contentHash": "ITvTEiELiHftwDe1+HkpZWc6PedQfdhNYIQxIl3npyD0QTYJjn+tdlloZxmO3z0b6Rbr7XK6aTOOH6L/itBIRg==",
        "dependencies": {
          "Avalonia": "11.2.5",
          "Avalonia.Native": "11.2.5",
          "Avalonia.Skia": "11.2.5",
          "Avalonia.Win32": "11.2.5",
          "Avalonia.X11": "11.2.5"
        }
      },
      "Avalonia.Fonts.Inter": {
        "type": "Direct",
        "requested": "[11.2.5, )",
        "resolved": "11.2.5",
        "contentHash": "FCtna5ANLYVVO/uGYic+5Ae5Q/Vgn7HvQzAWwjo0p0ZadL9+WwUsmsuljrMeRc0998w3w7cgMEnmVN+VKDyByg==",
        "dependencies": {
          "Avalonia": "11.2.5"
        }
      },
      "Avalonia.Themes.Fluent": {
        "type": "Direct",
        "requested": "[11.2.5, )",
        "resolved": "11.2.5",
        "contentHash": "+YiihoT08QapE6U6dLyuYC/YMloFllMMwbbnixMLYuvmJeirUzqukuWzQ1cGjyn8CKpqZVIeaCzenJcEu/YGIA==",
        "dependencies": {
          "Avalonia": "11.2.5"
        }
      },
      "Avalonia": {
        "type": "Transitive",
        "resolved": "11.2.5",
        "contentHash": "drAn4ymqy6c1AWIzpQIFLIQjPx9p7Ffsu+7bYy4vV8MtvmgiQ2s6R5HvmNuWheUtpHyhnowVQoOdJQl5uS6a+A==",
        "dependencies": {
          "Avalonia.BuildServices": "0.0.31",
          "Avalonia.Remote.Protocol": "11.2.5",
          "MicroCom.Runtime": "0.11.0"
        }
      },
      "Avalonia.Angle.Windows.Natives": {
        "type": "Transitive",
        "resolved": "2.1.22045.20230930",
        "contentHash": "Bo3qOhKC1b84BIhiogndMdAzB3UrrESKK7hS769f5HWeoMw/pcd42US5KFYW2JJ4ZSTrXnP8mXwLTMzh+S+9Lg=="
      },
      "Avalonia.BuildServices": {
        "type": "Transitive",
        "resolved": "0.0.31",
        "contentHash": "KmCN6Hc+45q4OnF10ge450yVUvWuxU6bdQiyKqiSvrHKpahNrEdk0kG6Ip6GHk2SKOCttGQuA206JVdkldEENg=="
      },
      "Avalonia.FreeDesktop": {
        "type": "Transitive",
        "resolved": "11.2.5",
        "contentHash": "JFvgnPhwqtd+xOpnlmBcZIdHVRA6ctfMHLo/W/pXcbVIel+3HOJSUk4NMREj48AD3ZyQiZJvKED1C4EDvkzXcw==",
        "dependencies": {
          "Avalonia": "11.2.5",
          "Tmds.DBus.Protocol": "0.20.0"
        }
      },
      "Avalonia.Native": {
        "type": "Transitive",
        "resolved": "11.2.5",
        "contentHash": "zubOZRBqOETn9uque9pEmUERIasSRL/Va4HQ+dtd+uA+2ThVL9Jo+yp3+NeV2qwrLUcAA/uNd9C+WmG4qB6MvA==",
        "dependencies": {
          "Avalonia": "11.2.5"
        }
      },
      "Avalonia.Remote.Protocol": {
        "type": "Transitive",
        "resolved": "11.2.5",
        "contentHash": "wS/qPTRVmgB49PxVMEFRczWS2UQ91Sl7xBI4qQtVyyi+REeH5L0sXYTjyKkHALI/vZd4DeH4SrleDEX0zNOVmA=="
      },
      "Avalonia.Skia": {
        "type": "Transitive",
        "resolved": "11.2.5",
        "contentHash": "rUjWmLtx2E95DyzUzHGx7PBQwr+sa0Tt64Jd72s3eEALLQU13RUnwqHkUZv0g8uzNRTsWcKHden4eIyCc+dcNQ==",
        "dependencies": {
          "Avalonia": "11.2.5",
          "HarfBuzzSharp": "7.3.0.3",
          "HarfBuzzSharp.NativeAssets.Linux": "7.3.0.3",
          "HarfBuzzSharp.NativeAssets.WebAssembly": "7.3.0.3",
          "SkiaSharp": "2.88.9",
          "SkiaSharp.NativeAssets.Linux": "2.88.9",
          "SkiaSharp.NativeAssets.WebAssembly": "2.88.9"
        }
      },
      "Avalonia.Win32": {
        "type": "Transitive",
        "resolved": "11.2.5",
        "contentHash": "hu9ECEq2ycaoBBcAQ1ZH/hnocyn79rYem4Jueyggp5urRa1xlNeQFradWEcWD9xQWAgE6pCEKa5fu8QXvLnGDw==",
        "dependencies": {
          "Avalonia": "11.2.5",
          "Avalonia.Angle.Windows.Natives": "2.1.22045.20230930"
        }
      },
      "Avalonia.X11": {
        "type": "Transitive",
        "resolved": "11.2.5",
        "contentHash": "rkf1xqsH6t4zc5j2KeJ2oTbyUyMsiEemgnwOgnHW/bgpeW4DDhZgiZ8xdFIxnvayAoYD+5WhPAEs8ztQNTr8qg==",
        "dependencies": {
          "Avalonia": "11.2.5",
          "Avalonia.FreeDesktop": "11.2.5",
          "Avalonia.Skia": "11.2.5"
        }
      },
      "HarfBuzzSharp": {
        "type": "Transitive",
        "resolved": "7.3.0.3",
        "contentHash": "Hq+5+gx10coOvuRgB13KBwiWxJq1QeYuhtVLbA01ZCWaugOnolUahF44KvrQTUUHDNk/C7HB6SMaebsZeOdhgg==",
        "dependencies": {
          "HarfBuzzSharp.NativeAssets.Win32": "7.3.0.3",
          "HarfBuzzSharp.NativeAssets.macOS": "7.3.0.3"
        }
      },
      "HarfBuzzSharp.NativeAssets.Linux": {
        "type": "Transitive",
        "resolved": "7.3.0.3",
        "contentHash": "hkcHeTfOyIeJuPtO/QfoqkDvV/MXebZYaA/Bn/S+nXsjH3Wt9oQ6okH2kklYO+1UUdBSJFd67bi9IrpQXI2mPw==",
        "dependencies": {
          "HarfBuzzSharp": "7.3.0.3"
        }
      },
      "HarfBuzzSharp.NativeAssets.macOS": {
        "type": "Transitive",
        "resolved": "7.3.0.3",
        "contentHash": "UAwIYnkbBTzBJv1Id8FijY/i8QiIepRemSXufU8fyzwWhYJdx4+ajG8yQUie5HW/uusbVLFSr26muSlJOFDgSw=="
      },
      "HarfBuzzSharp.NativeAssets.WebAssembly": {
        "type": "Transitive",
        "resolved": "7.3.0.3",
        "contentHash": "OpheDNp9a3nC6hWNACemWkNEXJ4tWP3Gw9bykw3FbyeEmU2nUDtLIp6VgNnjHAPRMgUs1Kl7m4gJpzVYwC7CZw=="
      },
      "HarfBuzzSharp.NativeAssets.Win32": {
        "type": "Transitive",
        "resolved": "7.3.0.3",
        "contentHash": "RPxRXD16KtSs8Yxr2RK9Qs7AwyN9MlpqZIYs0AvfaJwl7RAtVhC0+u2f2SKwX0uMYYd3O98Z+OBA1sj6aWVKQA=="
      },
      "MicroCom.Runtime": {
        "type": "Transitive",
        "resolved": "0.11.0",
        "contentHash": "MEnrZ3UIiH40hjzMDsxrTyi8dtqB5ziv3iBeeU4bXsL/7NLSal9F1lZKpK+tfBRnUoDSdtcW3KufE4yhATOMCA=="
      },
      "Microsoft.Data.Sqlite": {
        "type": "Transitive",
        "resolved": "8.0.11",
        "contentHash": "6JocV6S1akKlXaDVpRmmwc9d/M7wXBmiEZ7RxB5lxDk+er9Xi3P+yVYVnh+6IJ+Y6v8pecGWhGwcgH1mONcLuw==",
        "dependencies": {
          "Microsoft.Data.Sqlite.Core": "8.0.11",
          "SQLitePCLRaw.bundle_e_sqlite3": "2.1.6"
        }
      },
      "Microsoft.Data.Sqlite.Core": {
        "type": "Transitive",
        "resolved": "8.0.11",
        "contentHash": "PrDkI9SeU/MEP/IHriczeYmRVbzEcfp66UlZRjL5ikHIJGIYOrby55GoehLCJzJiTwJ+rGkjSRctZnWgfC95fg==",
        "dependencies": {
          "SQLitePCLRaw.core": "2.1.6"
        }
      },
      "runtime.linux-arm.runtime.native.System.IO.Ports": {
        "type": "Transitive",
        "resolved": "8.0.0",
        "contentHash": "gK720fg6HemDg8sXcfy+xCMZ9+hF78Gc7BmREbmkS4noqlu1BAr9qZtuWGhLzFjBfgecmdtl4+SYVwJ1VneZBQ=="
      },
      "runtime.linux-arm64.runtime.native.System.IO.Ports": {
        "type": "Transitive",
        "resolved": "8.0.0",
        "contentHash": "KYG6/3ojhEWbb3FwQAKgGWPHrY+HKUXXdVjJlrtyCLn3EMcNTaNcPadb2c0ndQzixZSmAxZKopXJr0nLwhOrpQ=="
      },
      "runtime.linux-x64.runtime.native.System.IO.Ports": {
        "type": "Transitive",
        "resolved": "8.0.0",
        "contentHash": "Wnw5vhA4mgGbIFoo6l9Fk3iEcwRSq49a1aKwJgXUCUtEQLCSUDjTGSxqy/oMUuOyyn7uLHsH8KgZzQ1y3lReiQ=="
      },
      "runtime.native.System.IO.Ports": {
        "type": "Transitive",
        "resolved": "8.0.0",
        "contentHash": "Ee7Sz5llLpTgyKIWzKI/GeuRSbFkOABgJRY00SqTY0OkTYtkB+9l5rFZfE7fxPA3c22RfytCBYkUdAkcmwMjQg==",
        "dependencies": {
          "runtime.linux-arm.runtime.native.System.IO.Ports": "8.0.0",
          "runtime.linux-arm64.runtime.native.System.IO.Ports": "8.0.0",
          "runtime.linux-x64.runtime.native.System.IO.Ports": "8.0.0",
          "runtime.osx-arm64.runtime.native.System.IO.Ports": "8.0.0",
          "runtime.osx-x64.runtime.native.System.IO.Ports": "8.0.0"
        }
      },
      "runtime.osx-arm64.runtime.native.System.IO.Ports": {
        "type": "Transitive",
        "resolved": "8.0.0",
        "contentHash": "rbUBLAaFW9oVkbsb0+XSrAo2QdhBeAyzLl5KQ6Oci9L/u626uXGKInsVJG6B9Z5EO8bmplC8tsMiaHK8wOBZ+w=="
      },
      "runtime.osx-x64.runtime.native.System.IO.Ports": {
        "type": "Transitive",
        "resolved": "8.0.0",
        "contentHash": "IcfB4jKtM9pkzP9OpYelEcUX1MiDt0IJPBh3XYYdEISFF+6Mc+T8WWi0dr9wVh1gtcdVjubVEIBgB8BHESlGfQ=="
      },
      "SkiaSharp": {
        "type": "Transitive",
        "resolved": "2.88.9",
        "contentHash": "3MD5VHjXXieSHCleRLuaTXmL2pD0mB7CcOB1x2kA1I4bhptf4e3R27iM93264ZYuAq6mkUyX5XbcxnZvMJYc1Q==",
        "dependencies": {
          "SkiaSharp.NativeAssets.Win32": "2.88.9",
          "SkiaSharp.NativeAssets.macOS": "2.88.9"
        }
      },
      "SkiaSharp.NativeAssets.Linux": {
        "type": "Transitive",
        "resolved": "2.88.9",
        "contentHash": "cWSaJKVPWAaT/WIn9c8T5uT/l4ETwHxNJTkEOtNKjphNo8AW6TF9O32aRkxqw3l8GUdUo66Bu7EiqtFh/XG0Zg==",
        "dependencies": {
          "SkiaSharp": "2.88.9"
        }
      },
      "SkiaSharp.NativeAssets.macOS": {
        "type": "Transitive",
        "resolved": "2.88.9",
        "contentHash": "Nv5spmKc4505Ep7oUoJ5vp3KweFpeNqxpyGDWyeEPTX2uR6S6syXIm3gj75dM0YJz7NPvcix48mR5laqs8dPuA=="
      },
      "SkiaSharp.NativeAssets.WebAssembly": {
        "type": "Transitive",
        "resolved": "2.88.9",
        "contentHash": "kt06RccBHSnAs2wDYdBSfsjIDbY3EpsOVqnlDgKdgvyuRA8ZFDaHRdWNx1VHjGgYzmnFCGiTJBnXFl5BqGwGnA=="
      },
      "SkiaSharp.NativeAssets.Win32": {
        "type": "Transitive",
        "resolved": "2.88.9",
        "contentHash": "wb2kYgU7iy84nQLYZwMeJXixvK++GoIuECjU4ECaUKNuflyRlJKyiRhN1MAHswvlvzuvkrjRWlK0Za6+kYQK7w=="
      },
      "SQLitePCLRaw.bundle_e_sqlite3": {
        "type": "Transitive",
        "resolved": "2.1.6",
        "contentHash": "BmAf6XWt4TqtowmiWe4/5rRot6GerAeklmOPfviOvwLoF5WwgxcJHAxZtySuyW9r9w+HLILnm8VfJFLCUJYW8A==",
        "dependencies": {
          "SQLitePCLRaw.lib.e_sqlite3": "2.1.6",
          "SQLitePCLRaw.provider.e_sqlite3": "2.1.6"
        }
      },
      "SQLitePCLRaw.core": {
        "type": "Transitive",
        "resolved": "2.1.6",
        "contentHash": "wO6v9GeMx9CUngAet8hbO7xdm+M42p1XeJq47ogyRoYSvNSp0NGLI+MgC0bhrMk9C17MTVFlLiN6ylyExLCc5w==",
        "dependencies": {
          "System.Memory": "4.5.3"
        }
      },
      "SQLitePCLRaw.lib.e_sqlite3": {
        "type": "Transitive",
        "resolved": "2.1.6",
        "contentHash": "2ObJJLkIUIxRpOUlZNGuD4rICpBnrBR5anjyfUFQep4hMOIeqW+XGQYzrNmHSVz5xSWZ3klSbh7sFR6UyDj68Q=="
      },
      "SQLitePCLRaw.provider.e_sqlite3": {
        "type": "Transitive",
        "resolved": "2.1.6",
        "contentHash": "PQ2Oq3yepLY4P7ll145P3xtx2bX8xF4PzaKPRpw9jZlKvfe4LE/saAV82inND9usn1XRpmxXk7Lal3MTI+6CNg==",
        "dependencies": {
          "SQLitePCLRaw.core": "2.1.6"
        }
      },
      "System.IO.Pipelines": {
        "type": "Transitive",
        "resolved": "8.0.0",
        "contentHash": "FHNOatmUq0sqJOkTx+UF/9YK1f180cnW5FVqnQMvYUN0elp6wFzbtPSiqbo1/ru8ICp43JM1i7kKkk6GsNGHlA=="
      },
      "System.IO.Ports": {
        "type": "Transitive",
        "resolved": "8.0.0",
        "contentHash": "MaiPbx2/QXZc62gm/DrajRrGPG1lU4m08GWMoWiymPYM+ba4kfACp2PbiYpqJ4QiFGhHD00zX3RoVDTucjWe9g==",
        "dependencies": {
          "runtime.native.System.IO.Ports": "8.0.0"
        }
      },
      "System.Memory": {
        "type": "Transitive",
        "resolved": "4.5.3",
        "contentHash": "3oDzvc/zzetpTKWMShs1AADwZjQ/36HnsufHRPcOjyRAAMLDlu2iD33MBI2opxnezcVUtXyqDXXjoFMOU9c7SA=="
      },
      "Tmds.DBus.Protocol": {
        "type": "Transitive",
        "resolved": "0.20.0",
        "contentHash": "2gkt2kuYPhDKd8gtl34jZSJOnn4nRJfFngCDcTZT/uySbK++ua0YQx2418l9Rn1Y4dE5XNq6zG9ZsE5ltLlNNw==",
        "dependencies": {
          "System.IO.Pipelines": "8.0.0"
        }
      },
      "proptest.core": {
        "type": "Project"
      },
      "proptest.infrastructure": {
        "type": "Project",
        "dependencies": {
          "Microsoft.Data.Sqlite": "[8.0.11, )",
          "PropTest.Core": "[1.0.0, )",
          "System.IO.Ports": "[8.0.0, )"
        }
      }
    },
    "net8.0/win-x64": {
      "Avalonia.Angle.Windows.Natives": {
        "type": "Transitive",
        "resolved": "2.1.22045.20230930",
        "contentHash": "Bo3qOhKC1b84BIhiogndMdAzB3UrrESKK7hS769f5HWeoMw/pcd42US5KFYW2JJ4ZSTrXnP8mXwLTMzh+S+9Lg=="
      },
      "Avalonia.Native": {
        "type": "Transitive",
        "resolved": "11.2.5",
        "contentHash": "zubOZRBqOETn9uque9pEmUERIasSRL/Va4HQ+dtd+uA+2ThVL9Jo+yp3+NeV2qwrLUcAA/uNd9C+WmG4qB6MvA==",
        "dependencies": {
          "Avalonia": "11.2.5"
        }
      },
      "HarfBuzzSharp.NativeAssets.Linux": {
        "type": "Transitive",
        "resolved": "7.3.0.3",
        "contentHash": "hkcHeTfOyIeJuPtO/QfoqkDvV/MXebZYaA/Bn/S+nXsjH3Wt9oQ6okH2kklYO+1UUdBSJFd67bi9IrpQXI2mPw==",
        "dependencies": {
          "HarfBuzzSharp": "7.3.0.3"
        }
      },
      "HarfBuzzSharp.NativeAssets.macOS": {
        "type": "Transitive",
        "resolved": "7.3.0.3",
        "contentHash": "UAwIYnkbBTzBJv1Id8FijY/i8QiIepRemSXufU8fyzwWhYJdx4+ajG8yQUie5HW/uusbVLFSr26muSlJOFDgSw=="
      },
      "HarfBuzzSharp.NativeAssets.Win32": {
        "type": "Transitive",
        "resolved": "7.3.0.3",
        "contentHash": "RPxRXD16KtSs8Yxr2RK9Qs7AwyN9MlpqZIYs0AvfaJwl7RAtVhC0+u2f2SKwX0uMYYd3O98Z+OBA1sj6aWVKQA=="
      },
      "runtime.linux-arm.runtime.native.System.IO.Ports": {
        "type": "Transitive",
        "resolved": "8.0.0",
        "contentHash": "gK720fg6HemDg8sXcfy+xCMZ9+hF78Gc7BmREbmkS4noqlu1BAr9qZtuWGhLzFjBfgecmdtl4+SYVwJ1VneZBQ=="
      },
      "runtime.linux-arm64.runtime.native.System.IO.Ports": {
        "type": "Transitive",
        "resolved": "8.0.0",
        "contentHash": "KYG6/3ojhEWbb3FwQAKgGWPHrY+HKUXXdVjJlrtyCLn3EMcNTaNcPadb2c0ndQzixZSmAxZKopXJr0nLwhOrpQ=="
      },
      "runtime.linux-x64.runtime.native.System.IO.Ports": {
        "type": "Transitive",
        "resolved": "8.0.0",
        "contentHash": "Wnw5vhA4mgGbIFoo6l9Fk3iEcwRSq49a1aKwJgXUCUtEQLCSUDjTGSxqy/oMUuOyyn7uLHsH8KgZzQ1y3lReiQ=="
      },
      "runtime.osx-arm64.runtime.native.System.IO.Ports": {
        "type": "Transitive",
        "resolved": "8.0.0",
        "contentHash": "rbUBLAaFW9oVkbsb0+XSrAo2QdhBeAyzLl5KQ6Oci9L/u626uXGKInsVJG6B9Z5EO8bmplC8tsMiaHK8wOBZ+w=="
      },
      "runtime.osx-x64.runtime.native.System.IO.Ports": {
        "type": "Transitive",
        "resolved": "8.0.0",
        "contentHash": "IcfB4jKtM9pkzP9OpYelEcUX1MiDt0IJPBh3XYYdEISFF+6Mc+T8WWi0dr9wVh1gtcdVjubVEIBgB8BHESlGfQ=="
      },
      "SkiaSharp.NativeAssets.Linux": {
        "type": "Transitive",
        "resolved": "2.88.9",
        "contentHash": "cWSaJKVPWAaT/WIn9c8T5uT/l4ETwHxNJTkEOtNKjphNo8AW6TF9O32aRkxqw3l8GUdUo66Bu7EiqtFh/XG0Zg==",
        "dependencies": {
          "SkiaSharp": "2.88.9"
        }
      },
      "SkiaSharp.NativeAssets.macOS": {
        "type": "Transitive",
        "resolved": "2.88.9",
        "contentHash": "Nv5spmKc4505Ep7oUoJ5vp3KweFpeNqxpyGDWyeEPTX2uR6S6syXIm3gj75dM0YJz7NPvcix48mR5laqs8dPuA=="
      },
      "SkiaSharp.NativeAssets.Win32": {
        "type": "Transitive",
        "resolved": "2.88.9",
        "contentHash": "wb2kYgU7iy84nQLYZwMeJXixvK++GoIuECjU4ECaUKNuflyRlJKyiRhN1MAHswvlvzuvkrjRWlK0Za6+kYQK7w=="
      },
      "SQLitePCLRaw.lib.e_sqlite3": {
        "type": "Transitive",
        "resolved": "2.1.6",
        "contentHash": "2ObJJLkIUIxRpOUlZNGuD4rICpBnrBR5anjyfUFQep4hMOIeqW+XGQYzrNmHSVz5xSWZ3klSbh7sFR6UyDj68Q=="
      },
      "System.IO.Ports": {
        "type": "Transitive",
        "resolved": "8.0.0",
        "contentHash": "MaiPbx2/QXZc62gm/DrajRrGPG1lU4m08GWMoWiymPYM+ba4kfACp2PbiYpqJ4QiFGhHD00zX3RoVDTucjWe9g==",
        "dependencies": {
          "runtime.native.System.IO.Ports": "8.0.0"
        }
      }
    }
  }
}